Microsoft Visual Studio Solution File, Format Version 12.00
# Visual Studio 2012
Project("{FAE04EC0-301F-11D3-BF4B-00C04F79EFBC}") = "Game", "Game.csproj", "{EB1FC54B-4FD0-4EB5-BE89-17A34AE053E7}"
EndProject
Global
	GlobalSection(SolutionConfigurationPlatforms) = preSolution
	Debug|Any CPU = Debug|Any CPU
	ExportDebug|Any CPU = ExportDebug|Any CPU
	ExportRelease|Any CPU = ExportRelease|Any CPU
	EndGlobalSection
	GlobalSection(ProjectConfigurationPlatforms) = postSolution
		{EB1FC54B-4FD0-4EB5-BE89-17A34AE053E7}.Debug|Any CPU.ActiveCfg = Debug|Any CPU
		{EB1FC54B-4FD0-4EB5-BE89-17A34AE053E7}.Debug|Any CPU.Build.0 = Debug|Any CPU
		{EB1FC54B-4FD0-4EB5-BE89-17A34AE053E7}.ExportDebug|Any CPU.ActiveCfg = ExportDebug|Any CPU
		{EB1FC54B-4FD0-4EB5-BE89-17A34AE053E7}.ExportDebug|Any CPU.Build.0 = ExportDebug|Any CPU
		{EB1FC54B-4FD0-4EB5-BE89-17A34AE053E7}.ExportRelease|Any CPU.ActiveCfg = ExportRelease|Any CPU
		{EB1FC54B-4FD0-4EB5-BE89-17A34AE053E7}.ExportRelease|Any CPU.Build.0 = ExportRelease|Any CPU
	EndGlobalSection
EndGlobal
